
Microsoft Visual Studio Solution File, Format Version 12.00
# Visual Studio Version 17
VisualStudioVersion = 17.7.34202.233
MinimumVisualStudioVersion = 10.0.40219.1
Project("{FAE04EC0-301F-11D3-BF4B-00C04F79EFBC}") = "u3 practica 8", "u3 practica 8.csproj", "{B9AED957-AFD4-480C-AA33-7F9589A6D9F2}"
EndProject
Global
	GlobalSection(SolutionConfigurationPlatforms) = preSolution
		Debug|Any CPU = Debug|Any CPU
		Release|Any CPU = Release|Any CPU
	EndGlobalSection
	GlobalSection(ProjectConfigurationPlatforms) = postSolution
		{B9AED957-AFD4-480C-AA33-7F9589A6D9F2}.Debug|Any CPU.ActiveCfg = Debug|Any CPU
		{B9AED957-AFD4-480C-AA33-7F9589A6D9F2}.Debug|Any CPU.Build.0 = Debug|Any CPU
		{B9AED957-AFD4-480C-AA33-7F9589A6D9F2}.Release|Any CPU.ActiveCfg = Release|Any CPU
		{B9AED957-AFD4-480C-AA33-7F9589A6D9F2}.Release|Any CPU.Build.0 = Release|Any CPU
	EndGlobalSection
	GlobalSection(SolutionProperties) = preSolution
		HideSolutionNode = FALSE
	EndGlobalSection
	GlobalSection(ExtensibilityGlobals) = postSolution
		SolutionGuid = {C8233421-61DE-416F-AC81-49181B9ECC7B}
	EndGlobalSection
EndGlobal
